%{"cache_tab": {:hex, :cache_tab, "1.0.11", "697f2c172ab5bc59f49a2ab20e1f7f418290f7c3a2d8a7d3814e98b81df85760", [], [{:p1_utils, "1.0.10", [hex: :p1_utils, repo: "hexpm", optional: false]}], "hexpm"},
  "connection": {:hex, :connection, "1.0.4", "a1cae72211f0eef17705aaededacac3eb30e6625b04a6117c1b2db6ace7d5976", [], [], "hexpm"},
  "cowboy": {:hex, :cowboy, "1.1.2", "61ac29ea970389a88eca5a65601460162d370a70018afe6f949a29dca91f3bb0", [], [{:cowlib, "~> 1.0.2", [hex: :cowlib, repo: "hexpm", optional: false]}, {:ranch, "~> 1.3.2", [hex: :ranch, repo: "hexpm", optional: false]}], "hexpm"},
  "cowlib": {:hex, :cowlib, "1.0.2", "9d769a1d062c9c3ac753096f868ca121e2730b9a377de23dec0f7e08b1df84ee", [], [], "hexpm"},
  "db_connection": {:hex, :db_connection, "1.1.2", "2865c2a4bae0714e2213a0ce60a1b12d76a6efba0c51fbda59c9ab8d1accc7a8", [], [{:connection, "~> 1.0.2", [hex: :connection, repo: "hexpm", optional: false]}, {:poolboy, "~> 1.5", [hex: :poolboy, repo: "hexpm", optional: true]}, {:sbroker, "~> 1.0", [hex: :sbroker, repo: "hexpm", optional: true]}], "hexpm"},
  "decimal": {:hex, :decimal, "1.4.1", "ad9e501edf7322f122f7fc151cce7c2a0c9ada96f2b0155b8a09a795c2029770", [], [], "hexpm"},
  "distillery": {:hex, :distillery, "1.5.2", "eec18b2d37b55b0bcb670cf2bcf64228ed38ce8b046bb30a9b636a6f5a4c0080", [], [], "hexpm"},
  "ecto": {:hex, :ecto, "2.2.6", "3fd1067661d6d64851a0d4db9acd9e884c00d2d1aa41cc09da687226cf894661", [], [{:db_connection, "~> 1.1", [hex: :db_connection, repo: "hexpm", optional: true]}, {:decimal, "~> 1.2", [hex: :decimal, repo: "hexpm", optional: false]}, {:mariaex, "~> 0.8.0", [hex: :mariaex, repo: "hexpm", optional: true]}, {:poison, "~> 2.2 or ~> 3.0", [hex: :poison, repo: "hexpm", optional: true]}, {:poolboy, "~> 1.5", [hex: :poolboy, repo: "hexpm", optional: false]}, {:postgrex, "~> 0.13.0", [hex: :postgrex, repo: "hexpm", optional: true]}, {:sbroker, "~> 1.0", [hex: :sbroker, repo: "hexpm", optional: true]}], "hexpm"},
  "ejabberd": {:hex, :ejabberd, "17.9.0", "a6dba3ceea5443fd341deb0c7e437c6e21d63f9daafb155afc7a9d6c9a0dcd20", [], [{:cache_tab, "~> 1.0", [hex: :cache_tab, repo: "hexpm", optional: false]}, {:distillery, "~> 1.0", [hex: :distillery, repo: "hexpm", optional: false]}, {:esip, "~> 1.0", [hex: :esip, repo: "hexpm", optional: false]}, {:ezlib, "~> 1.0", [hex: :ezlib, repo: "hexpm", optional: false]}, {:fast_tls, "~> 1.0", [hex: :fast_tls, repo: "hexpm", optional: false]}, {:fast_xml, "~> 1.1", [hex: :fast_xml, repo: "hexpm", optional: false]}, {:fast_yaml, "~> 1.0", [hex: :fast_yaml, repo: "hexpm", optional: false]}, {:iconv, "~> 1.0", [hex: :iconv, repo: "hexpm", optional: false]}, {:jiffy, "~> 0.14.7", [hex: :jiffy, repo: "hexpm", optional: false]}, {:lager, "~> 3.4.0", [hex: :lager, repo: "hexpm", optional: false]}, {:p1_oauth2, "~> 0.6.1", [hex: :p1_oauth2, repo: "hexpm", optional: false]}, {:p1_utils, "~> 1.0", [hex: :p1_utils, repo: "hexpm", optional: false]}, {:stringprep, "~> 1.0", [hex: :stringprep, repo: "hexpm", optional: false]}, {:stun, "~> 1.0", [hex: :stun, repo: "hexpm", optional: false]}, {:xmpp, "~> 1.1", [hex: :xmpp, repo: "hexpm", optional: false]}], "hexpm"},
  "elixir_make": {:hex, :elixir_make, "0.4.0", "992f38fabe705bb45821a728f20914c554b276838433349d4f2341f7a687cddf", [], [], "hexpm"},
  "esip": {:hex, :esip, "1.0.16", "16ab569bd192ead1e89b4f78020fa348fec78ad99a7ce5ca6d510da9ec3748d6", [], [{:fast_tls, "1.0.16", [hex: :fast_tls, repo: "hexpm", optional: false]}, {:p1_utils, "1.0.10", [hex: :p1_utils, repo: "hexpm", optional: false]}, {:stun, "1.0.15", [hex: :stun, repo: "hexpm", optional: false]}], "hexpm"},
  "ezlib": {:hex, :ezlib, "1.0.2", "22004ecf553a7d831404394d5642712e2aede90522e22bd6ccc089ca410ee098", [], [], "hexpm"},
  "fast_tls": {:hex, :fast_tls, "1.0.16", "cdb1546656e19ac087739356e5bb31e38ec28310573f60d95244987c1d832e1e", [], [{:p1_utils, "1.0.10", [hex: :p1_utils, repo: "hexpm", optional: false]}], "hexpm"},
  "fast_xml": {:hex, :fast_xml, "1.1.24", "66f0d9fc52a862013806c1474b3335a818a33156f68f83c6538a17b6a26db422", [:rebar3], [{:p1_utils, "1.0.10", [hex: :p1_utils, repo: "hexpm", optional: false]}], "hexpm"},
  "fast_yaml": {:hex, :fast_yaml, "1.0.11", "a816feea8b7380fc2afdf9f28ddff8f67d64617e02b8fc2987ce6702906cc7d8", [], [{:p1_utils, "1.0.10", [hex: :p1_utils, repo: "hexpm", optional: false]}], "hexpm"},
  "file_system": {:hex, :file_system, "0.2.2", "7f1e9de4746f4eb8a4ca8f2fbab582d84a4e40fa394cce7bfcb068b988625b06", [], [], "hexpm"},
  "gettext": {:hex, :gettext, "0.13.1", "5e0daf4e7636d771c4c71ad5f3f53ba09a9ae5c250e1ab9c42ba9edccc476263", [], [], "hexpm"},
  "goldrush": {:hex, :goldrush, "0.1.9", "f06e5d5f1277da5c413e84d5a2924174182fb108dabb39d5ec548b27424cd106", [], [], "hexpm"},
  "iconv": {:hex, :iconv, "1.0.6", "3b424a80039059767f1037dc6a49ff07c2f88df14068c16dc938c4f377a77b4c", [], [{:p1_utils, "1.0.10", [hex: :p1_utils, repo: "hexpm", optional: false]}], "hexpm"},
  "jiffy": {:hex, :jiffy, "0.14.11", "919a87d491c5a6b5e3bbc27fafedc3a0761ca0b4c405394f121f582fd4e3f0e5", [], [], "hexpm"},
  "lager": {:hex, :lager, "3.4.2", "150b9a17b23ae6d3265cc10dc360747621cf217b7a22b8cddf03b2909dbf7aa5", [], [{:goldrush, "0.1.9", [hex: :goldrush, repo: "hexpm", optional: false]}], "hexpm"},
  "mime": {:hex, :mime, "1.1.0", "01c1d6f4083d8aa5c7b8c246ade95139620ef8effb009edde934e0ec3b28090a", [], [], "hexpm"},
  "p1_oauth2": {:hex, :p1_oauth2, "0.6.2", "cc381038920e3d34ef32aa10ba7eb637bdff38a946748c4fd99329ff484a3889", [], [], "hexpm"},
  "p1_utils": {:hex, :p1_utils, "1.0.10", "a6d6927114bac79cf6468a10824125492034af7071adc6ed5ebc4ddb443845d4", [], [], "hexpm"},
  "phoenix": {:hex, :phoenix, "1.3.0", "1c01124caa1b4a7af46f2050ff11b267baa3edb441b45dbf243e979cd4c5891b", [], [{:cowboy, "~> 1.0", [hex: :cowboy, repo: "hexpm", optional: true]}, {:phoenix_pubsub, "~> 1.0", [hex: :phoenix_pubsub, repo: "hexpm", optional: false]}, {:plug, "~> 1.3.3 or ~> 1.4", [hex: :plug, repo: "hexpm", optional: false]}, {:poison, "~> 2.2 or ~> 3.0", [hex: :poison, repo: "hexpm", optional: false]}], "hexpm"},
  "phoenix_ecto": {:hex, :phoenix_ecto, "3.3.0", "702f6e164512853d29f9d20763493f2b3bcfcb44f118af2bc37bb95d0801b480", [], [{:ecto, "~> 2.1", [hex: :ecto, repo: "hexpm", optional: false]}, {:phoenix_html, "~> 2.9", [hex: :phoenix_html, repo: "hexpm", optional: true]}, {:plug, "~> 1.0", [hex: :plug, repo: "hexpm", optional: false]}], "hexpm"},
  "phoenix_html": {:hex, :phoenix_html, "2.10.5", "4f9df6b0fb7422a9440a73182a566cb9cbe0e3ffe8884ef9337ccf284fc1ef0a", [], [{:plug, "~> 1.0", [hex: :plug, repo: "hexpm", optional: false]}], "hexpm"},
  "phoenix_live_reload": {:hex, :phoenix_live_reload, "1.1.3", "1d178429fc8950b12457d09c6afec247bfe1fcb6f36209e18fbb0221bdfe4d41", [], [{:file_system, "~> 0.2.1 or ~> 0.3", [hex: :file_system, repo: "hexpm", optional: false]}, {:phoenix, "~> 1.0 or ~> 1.2 or ~> 1.3", [hex: :phoenix, repo: "hexpm", optional: false]}], "hexpm"},
  "phoenix_pubsub": {:hex, :phoenix_pubsub, "1.0.2", "bfa7fd52788b5eaa09cb51ff9fcad1d9edfeb68251add458523f839392f034c1", [], [], "hexpm"},
  "plug": {:hex, :plug, "1.4.3", "236d77ce7bf3e3a2668dc0d32a9b6f1f9b1f05361019946aae49874904be4aed", [], [{:cowboy, "~> 1.0.1 or ~> 1.1", [hex: :cowboy, repo: "hexpm", optional: true]}, {:mime, "~> 1.0", [hex: :mime, repo: "hexpm", optional: false]}], "hexpm"},
  "poison": {:hex, :poison, "3.1.0", "d9eb636610e096f86f25d9a46f35a9facac35609a7591b3be3326e99a0484665", [], [], "hexpm"},
  "poolboy": {:hex, :poolboy, "1.5.1", "6b46163901cfd0a1b43d692657ed9d7e599853b3b21b95ae5ae0a777cf9b6ca8", [], [], "hexpm"},
  "postgrex": {:hex, :postgrex, "0.13.3", "c277cfb2a9c5034d445a722494c13359e361d344ef6f25d604c2353185682bfc", [], [{:connection, "~> 1.0", [hex: :connection, repo: "hexpm", optional: false]}, {:db_connection, "~> 1.1", [hex: :db_connection, repo: "hexpm", optional: false]}, {:decimal, "~> 1.0", [hex: :decimal, repo: "hexpm", optional: false]}], "hexpm"},
  "ranch": {:hex, :ranch, "1.3.2", "e4965a144dc9fbe70e5c077c65e73c57165416a901bd02ea899cfd95aa890986", [], [], "hexpm"},
  "stringprep": {:hex, :stringprep, "1.0.10", "552d784eb60652220fce9131f8bb0ebc62fdffd6482c4f08f2e7d61300227c28", [], [{:p1_utils, "1.0.10", [hex: :p1_utils, repo: "hexpm", optional: false]}], "hexpm"},
  "stun": {:hex, :stun, "1.0.15", "51f287c9dfba61a7e5b99f398e6fe1c74d6a4c50f74a66bcce592c23291da116", [], [{:fast_tls, "1.0.16", [hex: :fast_tls, repo: "hexpm", optional: false]}, {:p1_utils, "1.0.10", [hex: :p1_utils, repo: "hexpm", optional: false]}], "hexpm"},
  "xmpp": {:hex, :xmpp, "1.1.15", "1530e57cf4c62f56bdb9de394839f71e9575c4c1d3d045d89e821b061df89978", [], [{:fast_xml, "1.1.24", [hex: :fast_xml, repo: "hexpm", optional: false]}, {:p1_utils, "1.0.10", [hex: :p1_utils, repo: "hexpm", optional: false]}, {:stringprep, "1.0.10", [hex: :stringprep, repo: "hexpm", optional: false]}], "hexpm"}}
